{
  "nodes": {
    "nixpkgs": {
      "locked": {
        "lastModified": 1750365781,
        "narHash": "sha256-XE/lFNhz5lsriMm/yjXkvSZz5DfvKJLUjsS6pP8EC50=",
        "owner": "NixOS",
        "repo": "nixpkgs",
        "rev": "08f22084e6085d19bcfb4be30d1ca76ecb96fe54",
        "type": "github"
      },
      "original": {
        "owner": "NixOS",
        "ref": "nixos-unstable",
        "repo": "nixpkgs",
        "type": "github"
      }
    },
    "root": {
      "inputs": {
        "nixpkgs": "nixpkgs",
        "wlroots-src": "wlroots-src"
      }
    },
    "wlroots-src": {
      "flake": false,
      "locked": {
        "lastModified": 1750499664,
        "narHash": "sha256-h4yl6USEm4jQKknBu5LXTmjkJVfMeC5xz/xI6M8hy08=",
        "ref": "refs/heads/master",
        "rev": "f5e7caf59994cfa08650cade41374e23779a24a4",
        "revCount": 7547,
        "type": "git",
        "url": "https://gitlab.freedesktop.org/wlroots/wlroots.git"
      },
      "original": {
        "type": "git",
        "url": "https://gitlab.freedesktop.org/wlroots/wlroots.git"
      }
    }
  },
  "root": "root",
  "version": 7
}
